
Microsoft Visual Studio Solution File, Format Version 12.00
# Visual Studio Version 17
VisualStudioVersion = 17.6.35326.246
MinimumVisualStudioVersion = 10.0.40219.1
Project("{FAE04EC0-301F-11D3-BF4B-00C04F79EFBC}") = "FilenameExtractorVSIX", "FilenameExtractorVSIX.csproj", "{EFBBB28F-0423-492C-9BEE-5FB47FF6EB12}"
EndProject
Global
	GlobalSection(SolutionConfigurationPlatforms) = preSolution
		Debug|Any CPU = Debug|Any CPU
		Debug|arm64 = Debug|arm64
		Debug|x86 = Debug|x86
		Release|Any CPU = Release|Any CPU
		Release|arm64 = Release|arm64
		Release|x86 = Release|x86
	EndGlobalSection
	GlobalSection(ProjectConfigurationPlatforms) = postSolution
		{EFBBB28F-0423-492C-9BEE-5FB47FF6EB12}.Debug|Any CPU.ActiveCfg = Debug|Any CPU
		{EFBBB28F-0423-492C-9BEE-5FB47FF6EB12}.Debug|Any CPU.Build.0 = Debug|Any CPU
		{EFBBB28F-0423-492C-9BEE-5FB47FF6EB12}.Debug|arm64.ActiveCfg = Debug|arm64
		{EFBBB28F-0423-492C-9BEE-5FB47FF6EB12}.Debug|arm64.Build.0 = Debug|arm64
		{EFBBB28F-0423-492C-9BEE-5FB47FF6EB12}.Debug|x86.ActiveCfg = Debug|x86
		{EFBBB28F-0423-492C-9BEE-5FB47FF6EB12}.Debug|x86.Build.0 = Debug|x86
		{EFBBB28F-0423-492C-9BEE-5FB47FF6EB12}.Release|Any CPU.ActiveCfg = Release|Any CPU
		{EFBBB28F-0423-492C-9BEE-5FB47FF6EB12}.Release|Any CPU.Build.0 = Release|Any CPU
		{EFBBB28F-0423-492C-9BEE-5FB47FF6EB12}.Release|arm64.ActiveCfg = Release|arm64
		{EFBBB28F-0423-492C-9BEE-5FB47FF6EB12}.Release|arm64.Build.0 = Release|arm64
		{EFBBB28F-0423-492C-9BEE-5FB47FF6EB12}.Release|x86.ActiveCfg = Release|x86
		{EFBBB28F-0423-492C-9BEE-5FB47FF6EB12}.Release|x86.Build.0 = Release|x86
	EndGlobalSection
	GlobalSection(SolutionProperties) = preSolution
		HideSolutionNode = FALSE
	EndGlobalSection
	GlobalSection(ExtensibilityGlobals) = postSolution
		SolutionGuid = {B1B2FBC1-7142-4710-9BF2-C293713CFECB}
	EndGlobalSection
EndGlobal
